
Microsoft Visual Studio Solution File, Format Version 12.00
# Visual Studio Version 16
VisualStudioVersion = 16.0.30406.217
MinimumVisualStudioVersion = 10.0.40219.1
Project("{9A19103F-16F7-4668-BE54-9A1E7A4F7556}") = "Tutorials.MailSender", "src\Tutorials.MailSender\Tutorials.MailSender.csproj", "{63D976DB-C500-42AC-B786-77E65726B871}"
EndProject
Project("{2150E333-8FDC-42A3-9474-1A3956D46DE8}") = "Test", "Test", "{64BFB89F-81C8-4E10-A6A0-C59AF0C1CC3C}"
EndProject
Project("{9A19103F-16F7-4668-BE54-9A1E7A4F7556}") = "Tutorials.MailSender.Test", "tests\Tutorials.MailSender.Test\Tutorials.MailSender.Test.csproj", "{2E68116F-4702-49C9-839C-635B7AE0E7CF}"
EndProject
Project("{9A19103F-16F7-4668-BE54-9A1E7A4F7556}") = "Tutorials.Currency", "src\Tutorials.Currency\Tutorials.Currency.csproj", "{C76810A4-19CD-474A-9D96-DBA6944216F6}"
EndProject
Project("{9A19103F-16F7-4668-BE54-9A1E7A4F7556}") = "Tutorials.ExcelConverter", "src\Tutorials.ExcelConverter\Tutorials.ExcelConverter.csproj", "{C0123AE4-D66F-4450-A500-29966A24A88B}"
EndProject
Project("{9A19103F-16F7-4668-BE54-9A1E7A4F7556}") = "Tutorials.ExcelParser", "src\Tutorials.ExcelParser\Tutorials.ExcelParser.csproj", "{7CEC639A-610D-4407-8DEF-1919385FC439}"
EndProject
Project("{9A19103F-16F7-4668-BE54-9A1E7A4F7556}") = "Tutorials.Currency.Test", "tests\Tutorials.Currency.Test\Tutorials.Currency.Test.csproj", "{B2F13A1B-647E-4574-8DA1-F00888572008}"
EndProject
Project("{9A19103F-16F7-4668-BE54-9A1E7A4F7556}") = "Tutorials.ExcelConverter.Test", "tests\Tutorials.ExcelConverter.Test\Tutorials.ExcelConverter.Test.csproj", "{0A710D55-94AB-4A33-9E8B-F1CAEA5D825D}"
EndProject
Project("{9A19103F-16F7-4668-BE54-9A1E7A4F7556}") = "Tutorials.ExcelParser.Test", "tests\Tutorials.ExcelParser.Test\Tutorials.ExcelParser.Test.csproj", "{144C0831-4E75-441D-B0A5-F0F528A345D2}"
EndProject
Global
	GlobalSection(SolutionConfigurationPlatforms) = preSolution
		Debug|Any CPU = Debug|Any CPU
		Release|Any CPU = Release|Any CPU
	EndGlobalSection
	GlobalSection(ProjectConfigurationPlatforms) = postSolution
		{63D976DB-C500-42AC-B786-77E65726B871}.Debug|Any CPU.ActiveCfg = Debug|Any CPU
		{63D976DB-C500-42AC-B786-77E65726B871}.Debug|Any CPU.Build.0 = Debug|Any CPU
		{63D976DB-C500-42AC-B786-77E65726B871}.Release|Any CPU.ActiveCfg = Release|Any CPU
		{63D976DB-C500-42AC-B786-77E65726B871}.Release|Any CPU.Build.0 = Release|Any CPU
		{2E68116F-4702-49C9-839C-635B7AE0E7CF}.Debug|Any CPU.ActiveCfg = Debug|Any CPU
		{2E68116F-4702-49C9-839C-635B7AE0E7CF}.Debug|Any CPU.Build.0 = Debug|Any CPU
		{2E68116F-4702-49C9-839C-635B7AE0E7CF}.Release|Any CPU.ActiveCfg = Release|Any CPU
		{2E68116F-4702-49C9-839C-635B7AE0E7CF}.Release|Any CPU.Build.0 = Release|Any CPU
		{C76810A4-19CD-474A-9D96-DBA6944216F6}.Debug|Any CPU.ActiveCfg = Debug|Any CPU
		{C76810A4-19CD-474A-9D96-DBA6944216F6}.Debug|Any CPU.Build.0 = Debug|Any CPU
		{C76810A4-19CD-474A-9D96-DBA6944216F6}.Release|Any CPU.ActiveCfg = Release|Any CPU
		{C76810A4-19CD-474A-9D96-DBA6944216F6}.Release|Any CPU.Build.0 = Release|Any CPU
		{C0123AE4-D66F-4450-A500-29966A24A88B}.Debug|Any CPU.ActiveCfg = Debug|Any CPU
		{C0123AE4-D66F-4450-A500-29966A24A88B}.Debug|Any CPU.Build.0 = Debug|Any CPU
		{C0123AE4-D66F-4450-A500-29966A24A88B}.Release|Any CPU.ActiveCfg = Release|Any CPU
		{C0123AE4-D66F-4450-A500-29966A24A88B}.Release|Any CPU.Build.0 = Release|Any CPU
		{7CEC639A-610D-4407-8DEF-1919385FC439}.Debug|Any CPU.ActiveCfg = Debug|Any CPU
		{7CEC639A-610D-4407-8DEF-1919385FC439}.Debug|Any CPU.Build.0 = Debug|Any CPU
		{7CEC639A-610D-4407-8DEF-1919385FC439}.Release|Any CPU.ActiveCfg = Release|Any CPU
		{7CEC639A-610D-4407-8DEF-1919385FC439}.Release|Any CPU.Build.0 = Release|Any CPU
		{B2F13A1B-647E-4574-8DA1-F00888572008}.Debug|Any CPU.ActiveCfg = Debug|Any CPU
		{B2F13A1B-647E-4574-8DA1-F00888572008}.Debug|Any CPU.Build.0 = Debug|Any CPU
		{B2F13A1B-647E-4574-8DA1-F00888572008}.Release|Any CPU.ActiveCfg = Release|Any CPU
		{B2F13A1B-647E-4574-8DA1-F00888572008}.Release|Any CPU.Build.0 = Release|Any CPU
		{0A710D55-94AB-4A33-9E8B-F1CAEA5D825D}.Debug|Any CPU.ActiveCfg = Debug|Any CPU
		{0A710D55-94AB-4A33-9E8B-F1CAEA5D825D}.Debug|Any CPU.Build.0 = Debug|Any CPU
		{0A710D55-94AB-4A33-9E8B-F1CAEA5D825D}.Release|Any CPU.ActiveCfg = Release|Any CPU
		{0A710D55-94AB-4A33-9E8B-F1CAEA5D825D}.Release|Any CPU.Build.0 = Release|Any CPU
		{144C0831-4E75-441D-B0A5-F0F528A345D2}.Debug|Any CPU.ActiveCfg = Debug|Any CPU
		{144C0831-4E75-441D-B0A5-F0F528A345D2}.Debug|Any CPU.Build.0 = Debug|Any CPU
		{144C0831-4E75-441D-B0A5-F0F528A345D2}.Release|Any CPU.ActiveCfg = Release|Any CPU
		{144C0831-4E75-441D-B0A5-F0F528A345D2}.Release|Any CPU.Build.0 = Release|Any CPU
	EndGlobalSection
	GlobalSection(SolutionProperties) = preSolution
		HideSolutionNode = FALSE
	EndGlobalSection
	GlobalSection(NestedProjects) = preSolution
		{2E68116F-4702-49C9-839C-635B7AE0E7CF} = {64BFB89F-81C8-4E10-A6A0-C59AF0C1CC3C}
		{B2F13A1B-647E-4574-8DA1-F00888572008} = {64BFB89F-81C8-4E10-A6A0-C59AF0C1CC3C}
		{0A710D55-94AB-4A33-9E8B-F1CAEA5D825D} = {64BFB89F-81C8-4E10-A6A0-C59AF0C1CC3C}
		{144C0831-4E75-441D-B0A5-F0F528A345D2} = {64BFB89F-81C8-4E10-A6A0-C59AF0C1CC3C}
	EndGlobalSection
	GlobalSection(ExtensibilityGlobals) = postSolution
		SolutionGuid = {797314B3-0B2F-4030-9360-28F054BA0BD5}
	EndGlobalSection
EndGlobal
